// !$*UTF8*$!
{
	archiveVersion = 1;
	classes = {
	};
	objectVersion = 46;
	objects = {

/* Begin PBXBuildFile section */
		BE7CA9951AEC26E400C2B2A7 /* AppDelegate.swift in Sources */ = {isa = PBXBuildFile; fileRef = BE7CA9941AEC26E400C2B2A7 /* AppDelegate.swift */; };
		BE7CA9971AEC26E400C2B2A7 /* ViewController.swift in Sources */ = {isa = PBXBuildFile; fileRef = BE7CA9961AEC26E400C2B2A7 /* ViewController.swift */; };
		BE7CA99A1AEC26E400C2B2A7 /* Main.storyboard in Resources */ = {isa = PBXBuildFile; fileRef = BE7CA9981AEC26E400C2B2A7 /* Main.storyboard */; };
		BE7CA99C1AEC26E400C2B2A7 /* Images.xcassets in Resources */ = {isa = PBXBuildFile; fileRef = BE7CA99B1AEC26E400C2B2A7 /* Images.xcassets */; };
		BE7CA99F1AEC26E400C2B2A7 /* LaunchScreen.xib in Resources */ = {isa = PBXBuildFile; fileRef = BE7CA99D1AEC26E400C2B2A7 /* LaunchScreen.xib */; };
		BE7CA9AB1AEC26E400C2B2A7 /* SwiftlyYelpTests.swift in Sources */ = {isa = PBXBuildFile; fileRef = BE7CA9AA1AEC26E400C2B2A7 /* SwiftlyYelpTests.swift */; };
		BE8398371AEC27DD00DBC6BF /* secrets.swift in Sources */ = {isa = PBXBuildFile; fileRef = BE8398361AEC27DD00DBC6BF /* secrets.swift */; };
/* End PBXBuildFile section */

/* Begin PBXContainerItemProxy section */
		BE7CA9A51AEC26E400C2B2A7 /* PBXContainerItemProxy */ = {
			isa = PBXContainerItemProxy;
			containerPortal = BE7CA9871AEC26E300C2B2A7 /* Project object */;
			proxyType = 1;
			remoteGlobalIDString = BE7CA98E1AEC26E400C2B2A7;
			remoteInfo = SwiftlyYelp;
		};
/* End PBXContainerItemProxy section */

/* Begin PBXFileReference section */
		BE7CA98F1AEC26E400C2B2A7 /* SwiftlyYelp.app */ = {isa = PBXFileReference; explicitFileType = wrapper.application; includeInIndex = 0; path = SwiftlyYelp.app; sourceTree = BUILT_PRODUCTS_DIR; };
		BE7CA9931AEC26E400C2B2A7 /* Info.plist */ = {isa = PBXFileReference; lastKnownFileType = text.plist.xml; path = Info.plist; sourceTree = "<group>"; };
		BE7CA9941AEC26E400C2B2A7 /* AppDelegate.swift */ = {isa = PBXFileReference; lastKnownFileType = sourcecode.swift; path = AppDelegate.swift; sourceTree = "<group>"; };
		BE7CA9961AEC26E400C2B2A7 /* ViewController.swift */ = {isa = PBXFileReference; lastKnownFileType = sourcecode.swift; path = ViewController.swift; sourceTree = "<group>"; };
		BE7CA9991AEC26E400C2B2A7 /* Base */ = {isa = PBXFileReference; lastKnownFileType = file.storyboard; name = Base; path = Base.lproj/Main.storyboard; sourceTree = "<group>"; };
		BE7CA99B1AEC26E400C2B2A7 /* Images.xcassets */ = {isa = PBXFileReference; lastKnownFileType = folder.assetcatalog; path = Images.xcassets; sourceTree = "<group>"; };
		BE7CA99E1AEC26E400C2B2A7 /* Base */ = {isa = PBXFileReference; lastKnownFileType = file.xib; name = Base; path = Base.lproj/LaunchScreen.xib; sourceTree = "<group>"; };
		BE7CA9A41AEC26E400C2B2A7 /* SwiftlyYelpTests.xctest */ = {isa = PBXFileReference; explicitFileType = wrapper.cfbundle; includeInIndex = 0; path = SwiftlyYelpTests.xctest; sourceTree = BUILT_PRODUCTS_DIR; };
		BE7CA9A91AEC26E400C2B2A7 /* Info.plist */ = {isa = PBXFileReference; lastKnownFileType = text.plist.xml; path = Info.plist; sourceTree = "<group>"; };
		BE7CA9AA1AEC26E400C2B2A7 /* SwiftlyYelpTests.swift */ = {isa = PBXFileReference; lastKnownFileType = sourcecode.swift; path = SwiftlyYelpTests.swift; sourceTree = "<group>"; };
		BE8398361AEC27DD00DBC6BF /* secrets.swift */ = {isa = PBXFileReference; fileEncoding = 4; lastKnownFileType = sourcecode.swift; path = secrets.swift; sourceTree = "<group>"; };
/* End PBXFileReference section */

/* Begin PBXFrameworksBuildPhase section */
		BE7CA98C1AEC26E400C2B2A7 /* Frameworks */ = {
			isa = PBXFrameworksBuildPhase;
			buildActionMask = 2147483647;
			files = (
			);
			runOnlyForDeploymentPostprocessing = 0;
		};
		BE7CA9A11AEC26E400C2B2A7 /* Frameworks */ = {
			isa = PBXFrameworksBuildPhase;
			buildActionMask = 2147483647;
			files = (
			);
			runOnlyForDeploymentPostprocessing = 0;
		};
/* End PBXFrameworksBuildPhase section */

/* Begin PBXGroup section */
		BE7CA9861AEC26E300C2B2A7 = {
			isa = PBXGroup;
			children = (
				BE7CA9911AEC26E400C2B2A7 /* SwiftlyYelp */,
				BE7CA9A71AEC26E400C2B2A7 /* SwiftlyYelpTests */,
				BE7CA9901AEC26E400C2B2A7 /* Products */,
			);
			sourceTree = "<group>";
		};
		BE7CA9901AEC26E400C2B2A7 /* Products */ = {
			isa = PBXGroup;
			children = (
				BE7CA98F1AEC26E400C2B2A7 /* SwiftlyYelp.app */,
				BE7CA9A41AEC26E400C2B2A7 /* SwiftlyYelpTests.xctest */,
			);
			name = Products;
			sourceTree = "<group>";
		};
		BE7CA9911AEC26E400C2B2A7 /* SwiftlyYelp */ = {
			isa = PBXGroup;
			children = (
				BE7CA9941AEC26E400C2B2A7 /* AppDelegate.swift */,
				BE7CA9961AEC26E400C2B2A7 /* ViewController.swift */,
				BE7CA9981AEC26E400C2B2A7 /* Main.storyboard */,
				BE7CA99B1AEC26E400C2B2A7 /* Images.xcassets */,
				BE7CA99D1AEC26E400C2B2A7 /* LaunchScreen.xib */,
				BE7CA9921AEC26E400C2B2A7 /* Supporting Files */,
			);
			path = SwiftlyYelp;
			sourceTree = "<group>";
		};
		BE7CA9921AEC26E400C2B2A7 /* Supporting Files */ = {
			isa = PBXGroup;
			children = (
				BE8398361AEC27DD00DBC6BF /* secrets.swift */,
				BE7CA9931AEC26E400C2B2A7 /* Info.plist */,
			);
			name = "Supporting Files";
			sourceTree = "<group>";
		};
		BE7CA9A71AEC26E400C2B2A7 /* SwiftlyYelpTests */ = {
			isa = PBXGroup;
			children = (
				BE7CA9AA1AEC26E400C2B2A7 /* SwiftlyYelpTests.swift */,
				BE7CA9A81AEC26E400C2B2A7 /* Supporting Files */,
			);
			path = SwiftlyYelpTests;
			sourceTree = "<group>";
		};
		BE7CA9A81AEC26E400C2B2A7 /* Supporting Files */ = {
			isa = PBXGroup;
			children = (
				BE7CA9A91AEC26E400C2B2A7 /* Info.plist */,
			);
			name = "Supporting Files";
			sourceTree = "<group>";
		};
/* End PBXGroup section */

/* Begin PBXNativeTarget section */
		BE7CA98E1AEC26E400C2B2A7 /* SwiftlyYelp */ = {
			isa = PBXNativeTarget;
			buildConfigurationList = BE7CA9AE1AEC26E400C2B2A7 /* Build configuration list for PBXNativeTarget "SwiftlyYelp" */;
			buildPhases = (
				BE7CA98B1AEC26E400C2B2A7 /* Sources */,
				BE7CA98C1AEC26E400C2B2A7 /* Frameworks */,
				BE7CA98D1AEC26E400C2B2A7 /* Resources */,
			);
			buildRules = (
			);
			dependencies = (
			);
			name = SwiftlyYelp;
			productName = SwiftlyYelp;
			productReference = BE7CA98F1AEC26E400C2B2A7 /* SwiftlyYelp.app */;
			productType = "com.apple.product-type.application";
		};
		BE7CA9A31AEC26E400C2B2A7 /* SwiftlyYelpTests */ = {
			isa = PBXNativeTarget;
			buildConfigurationList = BE7CA9B11AEC26E400C2B2A7 /* Build configuration list for PBXNativeTarget "SwiftlyYelpTests" */;
			buildPhases = (
				BE7CA9A01AEC26E400C2B2A7 /* Sources */,
				BE7CA9A11AEC26E400C2B2A7 /* Frameworks */,
				BE7CA9A21AEC26E400C2B2A7 /* Resources */,
			);
			buildRules = (
			);
			dependencies = (
				BE7CA9A61AEC26E400C2B2A7 /* PBXTargetDependency */,
			);
			name = SwiftlyYelpTests;
			productName = SwiftlyYelpTests;
			productReference = BE7CA9A41AEC26E400C2B2A7 /* SwiftlyYelpTests.xctest */;
			productType = "com.apple.product-type.bundle.unit-test";
		};
/* End PBXNativeTarget section */

/* Begin PBXProject section */
		BE7CA9871AEC26E300C2B2A7 /* Project object */ = {
			isa = PBXProject;
			attributes = {
				LastUpgradeCheck = 0630;
				ORGANIZATIONNAME = "Will Johansson";
				TargetAttributes = {
					BE7CA98E1AEC26E400C2B2A7 = {
						CreatedOnToolsVersion = 6.3.1;
					};
					BE7CA9A31AEC26E400C2B2A7 = {
						CreatedOnToolsVersion = 6.3.1;
						TestTargetID = BE7CA98E1AEC26E400C2B2A7;
					};
				};
			};
			buildConfigurationList = BE7CA98A1AEC26E300C2B2A7 /* Build configuration list for PBXProject "SwiftlyYelp" */;
			compatibilityVersion = "Xcode 3.2";
			developmentRegion = English;
			hasScannedForEncodings = 0;
			knownRegions = (
				en,
				Base,
			);
			mainGroup = BE7CA9861AEC26E300C2B2A7;
			productRefGroup = BE7CA9901AEC26E400C2B2A7 /* Products */;
			projectDirPath = "";
			projectRoot = "";
			targets = (
				BE7CA98E1AEC26E400C2B2A7 /* SwiftlyYelp */,
				BE7CA9A31AEC26E400C2B2A7 /* SwiftlyYelpTests */,
			);
		};
/* End PBXProject section */

/* Begin PBXResourcesBuildPhase section */
		BE7CA98D1AEC26E400C2B2A7 /* Resources */ = {
			isa = PBXResourcesBuildPhase;
			buildActionMask = 2147483647;
			files = (
				BE7CA99A1AEC26E400C2B2A7 /* Main.storyboard in Resources */,
				BE7CA99F1AEC26E400C2B2A7 /* LaunchScreen.xib in Resources */,
				BE7CA99C1AEC26E400C2B2A7 /* Images.xcassets in Resources */,
			);
			runOnlyForDeploymentPostprocessing = 0;
		};
		BE7CA9A21AEC26E400C2B2A7 /* Resources */ = {
			isa = PBXResourcesBuildPhase;
			buildActionMask = 2147483647;
			files = (
			);
			runOnlyForDeploymentPostprocessing = 0;
		};
/* End PBXResourcesBuildPhase section */

/* Begin PBXSourcesBuildPhase section */
		BE7CA98B1AEC26E400C2B2A7 /* Sources */ = {
			isa = PBXSourcesBuildPhase;
			buildActionMask = 2147483647;
			files = (
				BE7CA9971AEC26E400C2B2A7 /* ViewController.swift in Sources */,
				BE7CA9951AEC26E400C2B2A7 /* AppDelegate.swift in Sources */,
				BE8398371AEC27DD00DBC6BF /* secrets.swift in Sources */,
			);
			runOnlyForDeploymentPostprocessing = 0;
		};
		BE7CA9A01AEC26E400C2B2A7 /* Sources */ = {
			isa = PBXSourcesBuildPhase;
			buildActionMask = 2147483647;
			files = (
				BE7CA9AB1AEC26E400C2B2A7 /* SwiftlyYelpTests.swift in Sources */,
			);
			runOnlyForDeploymentPostprocessing = 0;
		};
/* End PBXSourcesBuildPhase section */

/* Begin PBXTargetDependency section */
		BE7CA9A61AEC26E400C2B2A7 /* PBXTargetDependency */ = {
			isa = PBXTargetDependency;
			target = BE7CA98E1AEC26E400C2B2A7 /* SwiftlyYelp */;
			targetProxy = BE7CA9A51AEC26E400C2B2A7 /* PBXContainerItemProxy */;
		};
/* End PBXTargetDependency section */

/* Begin PBXVariantGroup section */
		BE7CA9981AEC26E400C2B2A7 /* Main.storyboard */ = {
			isa = PBXVariantGroup;
			children = (
				BE7CA9991AEC26E400C2B2A7 /* Base */,
			);
			name = Main.storyboard;
			sourceTree = "<group>";
		};
		BE7CA99D1AEC26E400C2B2A7 /* LaunchScreen.xib */ = {
			isa = PBXVariantGroup;
			children = (
				BE7CA99E1AEC26E400C2B2A7 /* Base */,
			);
			name = LaunchScreen.xib;
			sourceTree = "<group>";
		};
/* End PBXVariantGroup section */

/* Begin XCBuildConfiguration section */
		BE7CA9AC1AEC26E400C2B2A7 /* Debug */ = {
			isa = XCBuildConfiguration;
			buildSettings = {
				ALWAYS_SEARCH_USER_PATHS = NO;
				CLANG_CXX_LANGUAGE_STANDARD = "gnu++0x";
				CLANG_CXX_LIBRARY = "libc++";
				CLANG_ENABLE_MODULES = YES;
				CLANG_ENABLE_OBJC_ARC = YES;
				CLANG_WARN_BOOL_CONVERSION = YES;
				CLANG_WARN_CONSTANT_CONVERSION = YES;
				CLANG_WARN_DIRECT_OBJC_ISA_USAGE = YES_ERROR;
				CLANG_WARN_EMPTY_BODY = YES;
				CLANG_WARN_ENUM_CONVERSION = YES;
				CLANG_WARN_INT_CONVERSION = YES;
				CLANG_WARN_OBJC_ROOT_CLASS = YES_ERROR;
				CLANG_WARN_UNREACHABLE_CODE = YES;
				CLANG_WARN__DUPLICATE_METHOD_MATCH = YES;
				"CODE_SIGN_IDENTITY[sdk=iphoneos*]" = "iPhone Developer";
				COPY_PHASE_STRIP = NO;
				DEBUG_INFORMATION_FORMAT = "dwarf-with-dsym";
				ENABLE_STRICT_OBJC_MSGSEND = YES;
				GCC_C_LANGUAGE_STANDARD = gnu99;
				GCC_DYNAMIC_NO_PIC = NO;
				GCC_NO_COMMON_BLOCKS = YES;
				GCC_OPTIMIZATION_LEVEL = 0;
				GCC_PREPROCESSOR_DEFINITIONS = (
					"DEBUG=1",
					"$(inherited)",
				);
				GCC_SYMBOLS_PRIVATE_EXTERN = NO;
				GCC_WARN_64_TO_32_BIT_CONVERSION = YES;
				GCC_WARN_ABOUT_RETURN_TYPE = YES_ERROR;
				GCC_WARN_UNDECLARED_SELECTOR = YES;
				GCC_WARN_UNINITIALIZED_AUTOS = YES_AGGRESSIVE;
				GCC_WARN_UNUSED_FUNCTION = YES;
				GCC_WARN_UNUSED_VARIABLE = YES;
				IPHONEOS_DEPLOYMENT_TARGET = 8.3;
				MTL_ENABLE_DEBUG_INFO = YES;
				ONLY_ACTIVE_ARCH = YES;
				SDKROOT = iphoneos;
				SWIFT_OPTIMIZATION_LEVEL = "-Onone";
			};
			name = Debug;
		};
		BE7CA9AD1AEC26E400C2B2A7 /* Release */ = {
			isa = XCBuildConfiguration;
			buildSettings = {
				ALWAYS_SEARCH_USER_PATHS = NO;
				CLANG_CXX_LANGUAGE_STANDARD = "gnu++0x";
				CLANG_CXX_LIBRARY = "libc++";
				CLANG_ENABLE_MODULES = YES;
				CLANG_ENABLE_OBJC_ARC = YES;
				CLANG_WARN_BOOL_CONVERSION = YES;
				CLANG_WARN_CONSTANT_CONVERSION = YES;
				CLANG_WARN_DIRECT_OBJC_ISA_USAGE = YES_ERROR;
				CLANG_WARN_EMPTY_BODY = YES;
				CLANG_WARN_ENUM_CONVERSION = YES;
				CLANG_WARN_INT_CONVERSION = YES;
				CLANG_WARN_OBJC_ROOT_CLASS = YES_ERROR;
				CLANG_WARN_UNREACHABLE_CODE = YES;
				CLANG_WARN__DUPLICATE_METHOD_MATCH = YES;
				"CODE_SIGN_IDENTITY[sdk=iphoneos*]" = "iPhone Developer";
				COPY_PHASE_STRIP = NO;
				DEBUG_INFORMATION_FORMAT = "dwarf-with-dsym";
				ENABLE_NS_ASSERTIONS = NO;
				ENABLE_STRICT_OBJC_MSGSEND = YES;
				GCC_C_LANGUAGE_STANDARD = gnu99;
				GCC_NO_COMMON_BLOCKS = YES;
				GCC_WARN_64_TO_32_BIT_CONVERSION = YES;
				GCC_WARN_ABOUT_RETURN_TYPE = YES_ERROR;
				GCC_WARN_UNDECLARED_SELECTOR = YES;
				GCC_WARN_UNINITIALIZED_AUTOS = YES_AGGRESSIVE;
				GCC_WARN_UNUSED_FUNCTION = YES;
				GCC_WARN_UNUSED_VARIABLE = YES;
				IPHONEOS_DEPLOYMENT_TARGET = 8.3;
				MTL_ENABLE_DEBUG_INFO = NO;
				SDKROOT = iphoneos;
				VALIDATE_PRODUCT = YES;
			};
			name = Release;
		};
		BE7CA9AF1AEC26E400C2B2A7 /* Debug */ = {
			isa = XCBuildConfiguration;
			buildSettings = {
				ASSETCATALOG_COMPILER_APPICON_NAME = AppIcon;
				INFOPLIST_FILE = SwiftlyYelp/Info.plist;
				LD_RUNPATH_SEARCH_PATHS = "$(inherited) @executable_path/Frameworks";
				PRODUCT_NAME = "$(TARGET_NAME)";
			};
			name = Debug;
		};
		BE7CA9B01AEC26E400C2B2A7 /* Release */ = {
			isa = XCBuildConfiguration;
			buildSettings = {
				ASSETCATALOG_COMPILER_APPICON_NAME = AppIcon;
				INFOPLIST_FILE = SwiftlyYelp/Info.plist;
				LD_RUNPATH_SEARCH_PATHS = "$(inherited) @executable_path/Frameworks";
				PRODUCT_NAME = "$(TARGET_NAME)";
			};
			name = Release;
		};
		BE7CA9B21AEC26E400C2B2A7 /* Debug */ = {
			isa = XCBuildConfiguration;
			buildSettings = {
				BUNDLE_LOADER = "$(TEST_HOST)";
				FRAMEWORK_SEARCH_PATHS = (
					"$(SDKROOT)/Developer/Library/Frameworks",
					"$(inherited)",
				);
				GCC_PREPROCESSOR_DEFINITIONS = (
					"DEBUG=1",
					"$(inherited)",
				);
				INFOPLIST_FILE = SwiftlyYelpTests/Info.plist;
				LD_RUNPATH_SEARCH_PATHS = "$(inherited) @executable_path/Frameworks @loader_path/Frameworks";
				PRODUCT_NAME = "$(TARGET_NAME)";
				TEST_HOST = "$(BUILT_PRODUCTS_DIR)/SwiftlyYelp.app/SwiftlyYelp";
			};
			name = Debug;
		};
		BE7CA9B31AEC26E400C2B2A7 /* Release */ = {
			isa = XCBuildConfiguration;
			buildSettings = {
				BUNDLE_LOADER = "$(TEST_HOST)";
				FRAMEWORK_SEARCH_PATHS = (
					"$(SDKROOT)/Developer/Library/Frameworks",
					"$(inherited)",
				);
				INFOPLIST_FILE = SwiftlyYelpTests/Info.plist;
				LD_RUNPATH_SEARCH_PATHS = "$(inherited) @executable_path/Frameworks @loader_path/Frameworks";
				PRODUCT_NAME = "$(TARGET_NAME)";
				TEST_HOST = "$(BUILT_PRODUCTS_DIR)/SwiftlyYelp.app/SwiftlyYelp";
			};
			name = Release;
		};
/* End XCBuildConfiguration section */

/* Begin XCConfigurationList section */
		BE7CA98A1AEC26E300C2B2A7 /* Build configuration list for PBXProject "SwiftlyYelp" */ = {
			isa = XCConfigurationList;
			buildConfigurations = (
				BE7CA9AC1AEC26E400C2B2A7 /* Debug */,
				BE7CA9AD1AEC26E400C2B2A7 /* Release */,
			);
			defaultConfigurationIsVisible = 0;
			defaultConfigurationName = Release;
		};
		BE7CA9AE1AEC26E400C2B2A7 /* Build configuration list for PBXNativeTarget "SwiftlyYelp" */ = {
			isa = XCConfigurationList;
			buildConfigurations = (
				BE7CA9AF1AEC26E400C2B2A7 /* Debug */,
				BE7CA9B01AEC26E400C2B2A7 /* Release */,
			);
			defaultConfigurationIsVisible = 0;
			defaultConfigurationName = Release;
		};
		BE7CA9B11AEC26E400C2B2A7 /* Build configuration list for PBXNativeTarget "SwiftlyYelpTests" */ = {
			isa = XCConfigurationList;
			buildConfigurations = (
				BE7CA9B21AEC26E400C2B2A7 /* Debug */,
				BE7CA9B31AEC26E400C2B2A7 /* Release */,
			);
			defaultConfigurationIsVisible = 0;
			defaultConfigurationName = Release;
		};
/* End XCConfigurationList section */
	};
	rootObject = BE7CA9871AEC26E300C2B2A7 /* Project object */;
}
